
Microsoft Visual Studio Solution File, Format Version 12.00
# Visual Studio Version 17
VisualStudioVersion = 17.7.34024.191
MinimumVisualStudioVersion = 10.0.40219.1
Project("{FAE04EC0-301F-11D3-BF4B-00C04F79EFBC}") = "OriginalGame0", "OriginalGame0\OriginalGame0.csproj", "{78283D90-1EA2-4519-BFC4-EB0988D49763}"
EndProject
Global
	GlobalSection(SolutionConfigurationPlatforms) = preSolution
		Debug|Any CPU = Debug|Any CPU
		Release|Any CPU = Release|Any CPU
	EndGlobalSection
	GlobalSection(ProjectConfigurationPlatforms) = postSolution
		{78283D90-1EA2-4519-BFC4-EB0988D49763}.Debug|Any CPU.ActiveCfg = Debug|Any CPU
		{78283D90-1EA2-4519-BFC4-EB0988D49763}.Debug|Any CPU.Build.0 = Debug|Any CPU
		{78283D90-1EA2-4519-BFC4-EB0988D49763}.Release|Any CPU.ActiveCfg = Release|Any CPU
		{78283D90-1EA2-4519-BFC4-EB0988D49763}.Release|Any CPU.Build.0 = Release|Any CPU
	EndGlobalSection
	GlobalSection(SolutionProperties) = preSolution
		HideSolutionNode = FALSE
	EndGlobalSection
	GlobalSection(ExtensibilityGlobals) = postSolution
		SolutionGuid = {317642DE-7364-40BB-AFFE-894FA5075710}
	EndGlobalSection
EndGlobal
